# This file was autogenerated by Stack.
# You should not edit this file by hand.
# For more information, please see the documentation at:
#   https://docs.haskellstack.org/en/stable/topics/lock_files

packages:
- completed:
    hackage: smtlib-backends-0.4@sha256:a662fecbc8908337b8f19d9bb7e1515a29f4dd992a5eb88f1fcb59e6ab1d0871,1258
    pantry-tree:
      sha256: f46a0eb3dd5f894fe644bca55cdef65f16cfe5bc1d92c739b90eebd63d440835
      size: 275
  original:
    hackage: smtlib-backends-0.4
- completed:
    hackage: smtlib-backends-z3-0.3.1@sha256:204c05d11c505fe0eceacdd8716888d78d39b3f4eb49ca49bb9c88928fcc61c0,1964
    pantry-tree:
      sha256: 0500c8d268412dbd6c24a0dd2772a3cda8b3efe315f53bbf23b310c03298d392
      size: 500
  original:
    hackage: smtlib-backends-z3-0.3.1@sha256:204c05d11c505fe0eceacdd8716888d78d39b3f4eb49ca49bb9c88928fcc61c0,1964
snapshots:
- completed:
    sha256: c11fcbeb1aa12761044755b1109d16952ede2cb6147ebde777dd5cb38f784501
    size: 649333
    url: https://raw.githubusercontent.com/commercialhaskell/stackage-snapshots/master/lts/20/9.yaml
  original:
    url: https://raw.githubusercontent.com/commercialhaskell/stackage-snapshots/master/lts/20/9.yaml
